
Microsoft Visual Studio Solution File, Format Version 12.00
# Visual Studio 15
VisualStudioVersion = 15.0.26124.0
MinimumVisualStudioVersion = 15.0.26124.0
Project("{FAE04EC0-301F-11D3-BF4B-00C04F79EFBC}") = "Recon.Entities", "Recon.Entities\Recon.Entities.csproj", "{B4F29803-DFAE-4B6C-B6A2-683F8DD2D397}"
EndProject
Project("{FAE04EC0-301F-11D3-BF4B-00C04F79EFBC}") = "Recon.Modules", "Recon.Modules\Recon.Modules.csproj", "{B0E541D9-E825-40A0-9F86-64426A7E5C8A}"
EndProject
Project("{FAE04EC0-301F-11D3-BF4B-00C04F79EFBC}") = "Recon.NET", "Recon.NET\Recon.NET.csproj", "{DF4EEFC1-A398-4D64-96DF-1F6945E0969B}"
EndProject
Project("{FAE04EC0-301F-11D3-BF4B-00C04F79EFBC}") = "Recon.NET.Terminal", "Recon.NET.Terminal\Recon.NET.Terminal.csproj", "{C55BE55D-9A04-491B-9473-D6108D0F358F}"
EndProject
Global
	GlobalSection(SolutionConfigurationPlatforms) = preSolution
		Debug|Any CPU = Debug|Any CPU
		Debug|x64 = Debug|x64
		Debug|x86 = Debug|x86
		Release|Any CPU = Release|Any CPU
		Release|x64 = Release|x64
		Release|x86 = Release|x86
	EndGlobalSection
	GlobalSection(SolutionProperties) = preSolution
		HideSolutionNode = FALSE
	EndGlobalSection
	GlobalSection(ProjectConfigurationPlatforms) = postSolution
		{B4F29803-DFAE-4B6C-B6A2-683F8DD2D397}.Debug|Any CPU.ActiveCfg = Debug|Any CPU
		{B4F29803-DFAE-4B6C-B6A2-683F8DD2D397}.Debug|Any CPU.Build.0 = Debug|Any CPU
		{B4F29803-DFAE-4B6C-B6A2-683F8DD2D397}.Debug|x64.ActiveCfg = Debug|Any CPU
		{B4F29803-DFAE-4B6C-B6A2-683F8DD2D397}.Debug|x64.Build.0 = Debug|Any CPU
		{B4F29803-DFAE-4B6C-B6A2-683F8DD2D397}.Debug|x86.ActiveCfg = Debug|Any CPU
		{B4F29803-DFAE-4B6C-B6A2-683F8DD2D397}.Debug|x86.Build.0 = Debug|Any CPU
		{B4F29803-DFAE-4B6C-B6A2-683F8DD2D397}.Release|Any CPU.ActiveCfg = Release|Any CPU
		{B4F29803-DFAE-4B6C-B6A2-683F8DD2D397}.Release|Any CPU.Build.0 = Release|Any CPU
		{B4F29803-DFAE-4B6C-B6A2-683F8DD2D397}.Release|x64.ActiveCfg = Release|Any CPU
		{B4F29803-DFAE-4B6C-B6A2-683F8DD2D397}.Release|x64.Build.0 = Release|Any CPU
		{B4F29803-DFAE-4B6C-B6A2-683F8DD2D397}.Release|x86.ActiveCfg = Release|Any CPU
		{B4F29803-DFAE-4B6C-B6A2-683F8DD2D397}.Release|x86.Build.0 = Release|Any CPU
		{B0E541D9-E825-40A0-9F86-64426A7E5C8A}.Debug|Any CPU.ActiveCfg = Debug|Any CPU
		{B0E541D9-E825-40A0-9F86-64426A7E5C8A}.Debug|Any CPU.Build.0 = Debug|Any CPU
		{B0E541D9-E825-40A0-9F86-64426A7E5C8A}.Debug|x64.ActiveCfg = Debug|Any CPU
		{B0E541D9-E825-40A0-9F86-64426A7E5C8A}.Debug|x64.Build.0 = Debug|Any CPU
		{B0E541D9-E825-40A0-9F86-64426A7E5C8A}.Debug|x86.ActiveCfg = Debug|Any CPU
		{B0E541D9-E825-40A0-9F86-64426A7E5C8A}.Debug|x86.Build.0 = Debug|Any CPU
		{B0E541D9-E825-40A0-9F86-64426A7E5C8A}.Release|Any CPU.ActiveCfg = Release|Any CPU
		{B0E541D9-E825-40A0-9F86-64426A7E5C8A}.Release|Any CPU.Build.0 = Release|Any CPU
		{B0E541D9-E825-40A0-9F86-64426A7E5C8A}.Release|x64.ActiveCfg = Release|Any CPU
		{B0E541D9-E825-40A0-9F86-64426A7E5C8A}.Release|x64.Build.0 = Release|Any CPU
		{B0E541D9-E825-40A0-9F86-64426A7E5C8A}.Release|x86.ActiveCfg = Release|Any CPU
		{B0E541D9-E825-40A0-9F86-64426A7E5C8A}.Release|x86.Build.0 = Release|Any CPU
		{DF4EEFC1-A398-4D64-96DF-1F6945E0969B}.Debug|Any CPU.ActiveCfg = Debug|Any CPU
		{DF4EEFC1-A398-4D64-96DF-1F6945E0969B}.Debug|Any CPU.Build.0 = Debug|Any CPU
		{DF4EEFC1-A398-4D64-96DF-1F6945E0969B}.Debug|x64.ActiveCfg = Debug|Any CPU
		{DF4EEFC1-A398-4D64-96DF-1F6945E0969B}.Debug|x64.Build.0 = Debug|Any CPU
		{DF4EEFC1-A398-4D64-96DF-1F6945E0969B}.Debug|x86.ActiveCfg = Debug|Any CPU
		{DF4EEFC1-A398-4D64-96DF-1F6945E0969B}.Debug|x86.Build.0 = Debug|Any CPU
		{DF4EEFC1-A398-4D64-96DF-1F6945E0969B}.Release|Any CPU.ActiveCfg = Release|Any CPU
		{DF4EEFC1-A398-4D64-96DF-1F6945E0969B}.Release|Any CPU.Build.0 = Release|Any CPU
		{DF4EEFC1-A398-4D64-96DF-1F6945E0969B}.Release|x64.ActiveCfg = Release|Any CPU
		{DF4EEFC1-A398-4D64-96DF-1F6945E0969B}.Release|x64.Build.0 = Release|Any CPU
		{DF4EEFC1-A398-4D64-96DF-1F6945E0969B}.Release|x86.ActiveCfg = Release|Any CPU
		{DF4EEFC1-A398-4D64-96DF-1F6945E0969B}.Release|x86.Build.0 = Release|Any CPU
		{C55BE55D-9A04-491B-9473-D6108D0F358F}.Debug|Any CPU.ActiveCfg = Debug|Any CPU
		{C55BE55D-9A04-491B-9473-D6108D0F358F}.Debug|Any CPU.Build.0 = Debug|Any CPU
		{C55BE55D-9A04-491B-9473-D6108D0F358F}.Debug|x64.ActiveCfg = Debug|Any CPU
		{C55BE55D-9A04-491B-9473-D6108D0F358F}.Debug|x64.Build.0 = Debug|Any CPU
		{C55BE55D-9A04-491B-9473-D6108D0F358F}.Debug|x86.ActiveCfg = Debug|Any CPU
		{C55BE55D-9A04-491B-9473-D6108D0F358F}.Debug|x86.Build.0 = Debug|Any CPU
		{C55BE55D-9A04-491B-9473-D6108D0F358F}.Release|Any CPU.ActiveCfg = Release|Any CPU
		{C55BE55D-9A04-491B-9473-D6108D0F358F}.Release|Any CPU.Build.0 = Release|Any CPU
		{C55BE55D-9A04-491B-9473-D6108D0F358F}.Release|x64.ActiveCfg = Release|Any CPU
		{C55BE55D-9A04-491B-9473-D6108D0F358F}.Release|x64.Build.0 = Release|Any CPU
		{C55BE55D-9A04-491B-9473-D6108D0F358F}.Release|x86.ActiveCfg = Release|Any CPU
		{C55BE55D-9A04-491B-9473-D6108D0F358F}.Release|x86.Build.0 = Release|Any CPU
	EndGlobalSection
EndGlobal
